
Microsoft Visual Studio Solution File, Format Version 12.00
# Visual Studio Version 16
VisualStudioVersion = 16.0.30204.135
MinimumVisualStudioVersion = 10.0.40219.1
Project("{FAE04EC0-301F-11D3-BF4B-00C04F79EFBC}") = "Chat2021", "Chat2021\Chat2021.csproj", "{4849DA18-DC77-4F1F-9E15-7C825E241600}"
EndProject
Global
	GlobalSection(SolutionConfigurationPlatforms) = preSolution
		Debug|Any CPU = Debug|Any CPU
		Release|Any CPU = Release|Any CPU
	EndGlobalSection
	GlobalSection(ProjectConfigurationPlatforms) = postSolution
		{4849DA18-DC77-4F1F-9E15-7C825E241600}.Debug|Any CPU.ActiveCfg = Debug|Any CPU
		{4849DA18-DC77-4F1F-9E15-7C825E241600}.Debug|Any CPU.Build.0 = Debug|Any CPU
		{4849DA18-DC77-4F1F-9E15-7C825E241600}.Release|Any CPU.ActiveCfg = Release|Any CPU
		{4849DA18-DC77-4F1F-9E15-7C825E241600}.Release|Any CPU.Build.0 = Release|Any CPU
	EndGlobalSection
	GlobalSection(SolutionProperties) = preSolution
		HideSolutionNode = FALSE
	EndGlobalSection
	GlobalSection(ExtensibilityGlobals) = postSolution
		SolutionGuid = {B3D48B81-BA85-428A-BB0E-0D7AD06E3F19}
	EndGlobalSection
EndGlobal
